{
  "name": "@netlify/plugin-nextjs",
  "version": "4.41.3",
  "description": "Run Next.js applications on Netlify",
  "main": "src/index.js",
  "files": [
    "src/**/*.js",
    "src/**/*.ts",
    "templates/**/*.js",
    "templates/**/*.ts",
    "manifest.yml"
  ],
  "scripts": {
    "build": "tsc",
    "test": "jest",
    "format": "prettier --write ."
  },
  "repository": {
    "type": "git",
    "url": "git+https://github.com/netlify/netlify-plugin-nextjs.git"
  },
  "keywords": [
    "netlify",
    "netlify-plugin",
    "next",
    "next.js",
    "serverless"
  ],
  "author": "Netlify Inc.",
  "license": "MIT",
  "bugs": {
    "url": "https://github.com/netlify/netlify-plugin-nextjs/issues"
  },
  "homepage": "https://github.com/netlify/netlify-plugin-nextjs#readme",
  "dependencies": {
    "@netlify/functions": "^1.6.0",
    "@netlify/ipx": "^1.4.5",
    "@vercel/node-bridge": "^4.0.1",
    "chalk": "^4.1.2",
    "destr": "^2.0.0",
    "fs-extra": "^11.1.1",
    "get-port": "^5.1.1",
    "node-fetch": "^2.6.12",
    "p-limit": "^3.1.0",
    "pathe": "^1.1.1",
    "semver": "^7.5.4",
    "serve-static": "^1.15.0"
  }
}
